# THIS IS AN AUTOGENERATED FILE. DO NOT EDIT THIS FILE DIRECTLY.
# yarn lockfile v1


bs-fetch@^0.6.2:
  version "0.6.2"
  resolved "https://registry.yarnpkg.com/bs-fetch/-/bs-fetch-0.6.2.tgz#37d982e9f79b9bc44c23e87ae78ccbee1f869adf"
  integrity sha512-VXEjp8kY3vHPckaoy3d96Bx0KYjJAPLNISBwfpwMN26K6DtuZYwI2HKhx7zeHBajz1bRArfx7O8OOLcdtujMvg==

bs-webapi@^0.19.1:
  version "0.19.1"
  resolved "https://registry.yarnpkg.com/bs-webapi/-/bs-webapi-0.19.1.tgz#cae7d65fc43795376becc44b56f46d85e5b8e878"
  integrity sha512-sRhkNdHFBxzoiLH+r8rhlW9XSafBbbGCkvsxtTJ1QMABEaHKj8TejwA7TuBZH2ZYL2ur3sk291ukkge5qFm3Uw==
  dependencies:
    bs-fetch "^0.6.2"
